
Microsoft Visual Studio Solution File, Format Version 12.00
# Visual Studio Version 17
VisualStudioVersion = 17.3.32901.215
MinimumVisualStudioVersion = 10.0.40219.1
Project("{FAE04EC0-301F-11D3-BF4B-00C04F79EFBC}") = "Libreria-V3", "Libreria-V3.csproj", "{6AC2AF06-D474-44B9-8295-BA47A4FDA9D2}"
EndProject
Global
	GlobalSection(SolutionConfigurationPlatforms) = preSolution
		Debug|Any CPU = Debug|Any CPU
		Release|Any CPU = Release|Any CPU
	EndGlobalSection
	GlobalSection(ProjectConfigurationPlatforms) = postSolution
		{6AC2AF06-D474-44B9-8295-BA47A4FDA9D2}.Debug|Any CPU.ActiveCfg = Debug|Any CPU
		{6AC2AF06-D474-44B9-8295-BA47A4FDA9D2}.Debug|Any CPU.Build.0 = Debug|Any CPU
		{6AC2AF06-D474-44B9-8295-BA47A4FDA9D2}.Release|Any CPU.ActiveCfg = Release|Any CPU
		{6AC2AF06-D474-44B9-8295-BA47A4FDA9D2}.Release|Any CPU.Build.0 = Release|Any CPU
	EndGlobalSection
	GlobalSection(SolutionProperties) = preSolution
		HideSolutionNode = FALSE
	EndGlobalSection
	GlobalSection(ExtensibilityGlobals) = postSolution
		SolutionGuid = {34122B90-461C-4F54-9022-5544FEE8C549}
	EndGlobalSection
EndGlobal
